
Microsoft Visual Studio Solution File, Format Version 12.00
# Visual Studio 15
VisualStudioVersion = 15.0.26124.0
MinimumVisualStudioVersion = 15.0.26124.0
Project("{2150E333-8FDC-42A3-9474-1A3956D46DE8}") = "samples", "samples", "{A4812B74-7D68-4875-995B-EF61DEE6BE44}"
EndProject
Project("{FAE04EC0-301F-11D3-BF4B-00C04F79EFBC}") = "AntennaBalanceValues", "samples\AntennaBalanceValues\AntennaBalanceValues.csproj", "{C4ECA7E7-293D-400B-A0C1-4890E62977FC}"
EndProject
Project("{2150E333-8FDC-42A3-9474-1A3956D46DE8}") = "src", "src", "{C39D7E46-F03D-4004-909B-7D93173D744C}"
EndProject
Project("{FAE04EC0-301F-11D3-BF4B-00C04F79EFBC}") = "parse", "src\parse\parse.csproj", "{CA441C99-971F-4974-A548-F09FB9E447D5}"
EndProject
Project("{2150E333-8FDC-42A3-9474-1A3956D46DE8}") = "test", "test", "{1AEC9935-1D01-434F-A17C-A75759A0A2F2}"
EndProject
Project("{FAE04EC0-301F-11D3-BF4B-00C04F79EFBC}") = "parse.Tests", "test\parse.Tests\parse.Tests.csproj", "{27E6F287-9D9A-4C79-ADAD-484EC89329B4}"
EndProject
Project("{FAE04EC0-301F-11D3-BF4B-00C04F79EFBC}") = "ProbeCoreValues", "samples\ProbeCoreValues\ProbeCoreValues.csproj", "{D226384E-D0F5-4744-B83C-95037559E963}"
EndProject
Global
	GlobalSection(SolutionConfigurationPlatforms) = preSolution
		Debug|Any CPU = Debug|Any CPU
		Debug|x64 = Debug|x64
		Debug|x86 = Debug|x86
		Release|Any CPU = Release|Any CPU
		Release|x64 = Release|x64
		Release|x86 = Release|x86
	EndGlobalSection
	GlobalSection(SolutionProperties) = preSolution
		HideSolutionNode = FALSE
	EndGlobalSection
	GlobalSection(ProjectConfigurationPlatforms) = postSolution
		{C4ECA7E7-293D-400B-A0C1-4890E62977FC}.Debug|Any CPU.ActiveCfg = Debug|Any CPU
		{C4ECA7E7-293D-400B-A0C1-4890E62977FC}.Debug|Any CPU.Build.0 = Debug|Any CPU
		{C4ECA7E7-293D-400B-A0C1-4890E62977FC}.Debug|x64.ActiveCfg = Debug|Any CPU
		{C4ECA7E7-293D-400B-A0C1-4890E62977FC}.Debug|x64.Build.0 = Debug|Any CPU
		{C4ECA7E7-293D-400B-A0C1-4890E62977FC}.Debug|x86.ActiveCfg = Debug|Any CPU
		{C4ECA7E7-293D-400B-A0C1-4890E62977FC}.Debug|x86.Build.0 = Debug|Any CPU
		{C4ECA7E7-293D-400B-A0C1-4890E62977FC}.Release|Any CPU.ActiveCfg = Release|Any CPU
		{C4ECA7E7-293D-400B-A0C1-4890E62977FC}.Release|Any CPU.Build.0 = Release|Any CPU
		{C4ECA7E7-293D-400B-A0C1-4890E62977FC}.Release|x64.ActiveCfg = Release|Any CPU
		{C4ECA7E7-293D-400B-A0C1-4890E62977FC}.Release|x64.Build.0 = Release|Any CPU
		{C4ECA7E7-293D-400B-A0C1-4890E62977FC}.Release|x86.ActiveCfg = Release|Any CPU
		{C4ECA7E7-293D-400B-A0C1-4890E62977FC}.Release|x86.Build.0 = Release|Any CPU
		{CA441C99-971F-4974-A548-F09FB9E447D5}.Debug|Any CPU.ActiveCfg = Debug|Any CPU
		{CA441C99-971F-4974-A548-F09FB9E447D5}.Debug|Any CPU.Build.0 = Debug|Any CPU
		{CA441C99-971F-4974-A548-F09FB9E447D5}.Debug|x64.ActiveCfg = Debug|Any CPU
		{CA441C99-971F-4974-A548-F09FB9E447D5}.Debug|x64.Build.0 = Debug|Any CPU
		{CA441C99-971F-4974-A548-F09FB9E447D5}.Debug|x86.ActiveCfg = Debug|Any CPU
		{CA441C99-971F-4974-A548-F09FB9E447D5}.Debug|x86.Build.0 = Debug|Any CPU
		{CA441C99-971F-4974-A548-F09FB9E447D5}.Release|Any CPU.ActiveCfg = Release|Any CPU
		{CA441C99-971F-4974-A548-F09FB9E447D5}.Release|Any CPU.Build.0 = Release|Any CPU
		{CA441C99-971F-4974-A548-F09FB9E447D5}.Release|x64.ActiveCfg = Release|Any CPU
		{CA441C99-971F-4974-A548-F09FB9E447D5}.Release|x64.Build.0 = Release|Any CPU
		{CA441C99-971F-4974-A548-F09FB9E447D5}.Release|x86.ActiveCfg = Release|Any CPU
		{CA441C99-971F-4974-A548-F09FB9E447D5}.Release|x86.Build.0 = Release|Any CPU
		{27E6F287-9D9A-4C79-ADAD-484EC89329B4}.Debug|Any CPU.ActiveCfg = Debug|Any CPU
		{27E6F287-9D9A-4C79-ADAD-484EC89329B4}.Debug|Any CPU.Build.0 = Debug|Any CPU
		{27E6F287-9D9A-4C79-ADAD-484EC89329B4}.Debug|x64.ActiveCfg = Debug|Any CPU
		{27E6F287-9D9A-4C79-ADAD-484EC89329B4}.Debug|x64.Build.0 = Debug|Any CPU
		{27E6F287-9D9A-4C79-ADAD-484EC89329B4}.Debug|x86.ActiveCfg = Debug|Any CPU
		{27E6F287-9D9A-4C79-ADAD-484EC89329B4}.Debug|x86.Build.0 = Debug|Any CPU
		{27E6F287-9D9A-4C79-ADAD-484EC89329B4}.Release|Any CPU.ActiveCfg = Release|Any CPU
		{27E6F287-9D9A-4C79-ADAD-484EC89329B4}.Release|Any CPU.Build.0 = Release|Any CPU
		{27E6F287-9D9A-4C79-ADAD-484EC89329B4}.Release|x64.ActiveCfg = Release|Any CPU
		{27E6F287-9D9A-4C79-ADAD-484EC89329B4}.Release|x64.Build.0 = Release|Any CPU
		{27E6F287-9D9A-4C79-ADAD-484EC89329B4}.Release|x86.ActiveCfg = Release|Any CPU
		{27E6F287-9D9A-4C79-ADAD-484EC89329B4}.Release|x86.Build.0 = Release|Any CPU
		{D226384E-D0F5-4744-B83C-95037559E963}.Debug|Any CPU.ActiveCfg = Debug|Any CPU
		{D226384E-D0F5-4744-B83C-95037559E963}.Debug|Any CPU.Build.0 = Debug|Any CPU
		{D226384E-D0F5-4744-B83C-95037559E963}.Debug|x64.ActiveCfg = Debug|Any CPU
		{D226384E-D0F5-4744-B83C-95037559E963}.Debug|x64.Build.0 = Debug|Any CPU
		{D226384E-D0F5-4744-B83C-95037559E963}.Debug|x86.ActiveCfg = Debug|Any CPU
		{D226384E-D0F5-4744-B83C-95037559E963}.Debug|x86.Build.0 = Debug|Any CPU
		{D226384E-D0F5-4744-B83C-95037559E963}.Release|Any CPU.ActiveCfg = Release|Any CPU
		{D226384E-D0F5-4744-B83C-95037559E963}.Release|Any CPU.Build.0 = Release|Any CPU
		{D226384E-D0F5-4744-B83C-95037559E963}.Release|x64.ActiveCfg = Release|Any CPU
		{D226384E-D0F5-4744-B83C-95037559E963}.Release|x64.Build.0 = Release|Any CPU
		{D226384E-D0F5-4744-B83C-95037559E963}.Release|x86.ActiveCfg = Release|Any CPU
		{D226384E-D0F5-4744-B83C-95037559E963}.Release|x86.Build.0 = Release|Any CPU
	EndGlobalSection
	GlobalSection(NestedProjects) = preSolution
		{C4ECA7E7-293D-400B-A0C1-4890E62977FC} = {A4812B74-7D68-4875-995B-EF61DEE6BE44}
		{CA441C99-971F-4974-A548-F09FB9E447D5} = {C39D7E46-F03D-4004-909B-7D93173D744C}
		{27E6F287-9D9A-4C79-ADAD-484EC89329B4} = {1AEC9935-1D01-434F-A17C-A75759A0A2F2}
		{D226384E-D0F5-4744-B83C-95037559E963} = {A4812B74-7D68-4875-995B-EF61DEE6BE44}
	EndGlobalSection
EndGlobal
